
Microsoft Visual Studio Solution File, Format Version 12.00
# Visual Studio Version 17
VisualStudioVersion = 17.9.34902.65
MinimumVisualStudioVersion = 10.0.40219.1
Project("{FAE04EC0-301F-11D3-BF4B-00C04F79EFBC}") = "WashAndDryApp", "WashAndDryApp\WashAndDryApp.csproj", "{97908621-A611-4568-8DDA-CF18CD7FCC51}"
EndProject
Global
	GlobalSection(SolutionConfigurationPlatforms) = preSolution
		Debug|Any CPU = Debug|Any CPU
		Release|Any CPU = Release|Any CPU
	EndGlobalSection
	GlobalSection(ProjectConfigurationPlatforms) = postSolution
		{97908621-A611-4568-8DDA-CF18CD7FCC51}.Debug|Any CPU.ActiveCfg = Debug|Any CPU
		{97908621-A611-4568-8DDA-CF18CD7FCC51}.Debug|Any CPU.Build.0 = Debug|Any CPU
		{97908621-A611-4568-8DDA-CF18CD7FCC51}.Release|Any CPU.ActiveCfg = Release|Any CPU
		{97908621-A611-4568-8DDA-CF18CD7FCC51}.Release|Any CPU.Build.0 = Release|Any CPU
	EndGlobalSection
	GlobalSection(SolutionProperties) = preSolution
		HideSolutionNode = FALSE
	EndGlobalSection
	GlobalSection(ExtensibilityGlobals) = postSolution
		SolutionGuid = {53E65B08-4019-4FA8-8298-12CC04C8FED5}
	EndGlobalSection
EndGlobal
